
Microsoft Visual Studio Solution File, Format Version 12.00
# Visual Studio 15
VisualStudioVersion = 15.0.28307.645
MinimumVisualStudioVersion = 10.0.40219.1
Project("{FAE04EC0-301F-11D3-BF4B-00C04F79EFBC}") = "RecruitmentCompanyDemo", "RecruitmentCompanyDemo\RecruitmentCompanyDemo.csproj", "{637F1BA9-8AE8-46B9-A3CD-0215197D789E}"
EndProject
Project("{FAE04EC0-301F-11D3-BF4B-00C04F79EFBC}") = "RecruitmentCompanyDemoTests", "RecruitmentCompanyDemoTests\RecruitmentCompanyDemoTests.csproj", "{7F229F35-9E8D-420D-BB40-5ED1A6544613}"
EndProject
Global
	GlobalSection(SolutionConfigurationPlatforms) = preSolution
		Debug|Any CPU = Debug|Any CPU
		Release|Any CPU = Release|Any CPU
	EndGlobalSection
	GlobalSection(ProjectConfigurationPlatforms) = postSolution
		{637F1BA9-8AE8-46B9-A3CD-0215197D789E}.Debug|Any CPU.ActiveCfg = Debug|Any CPU
		{637F1BA9-8AE8-46B9-A3CD-0215197D789E}.Debug|Any CPU.Build.0 = Debug|Any CPU
		{637F1BA9-8AE8-46B9-A3CD-0215197D789E}.Release|Any CPU.ActiveCfg = Release|Any CPU
		{637F1BA9-8AE8-46B9-A3CD-0215197D789E}.Release|Any CPU.Build.0 = Release|Any CPU
		{7F229F35-9E8D-420D-BB40-5ED1A6544613}.Debug|Any CPU.ActiveCfg = Debug|Any CPU
		{7F229F35-9E8D-420D-BB40-5ED1A6544613}.Debug|Any CPU.Build.0 = Debug|Any CPU
		{7F229F35-9E8D-420D-BB40-5ED1A6544613}.Release|Any CPU.ActiveCfg = Release|Any CPU
		{7F229F35-9E8D-420D-BB40-5ED1A6544613}.Release|Any CPU.Build.0 = Release|Any CPU
	EndGlobalSection
	GlobalSection(SolutionProperties) = preSolution
		HideSolutionNode = FALSE
	EndGlobalSection
	GlobalSection(ExtensibilityGlobals) = postSolution
		SolutionGuid = {2F7AAB11-77C6-4328-89E9-92CC048F1B3B}
	EndGlobalSection
EndGlobal
